Microsoft Visual Studio Solution File, Format Version 8.00
Project("{FAE04EC0-301F-11D3-BF4B-00C04F79EFBC}") = "OwlDotNetApi", "OwlDotNetApi\OwlDotNetApi.csproj", "{1C6FFAC7-7E9F-479B-B15C-BCE7AB3653AC}"
	ProjectSection(ProjectDependencies) = postProject
	EndProjectSection
EndProject
Project("{FAE04EC0-301F-11D3-BF4B-00C04F79EFBC}") = "OwlDotNetApiTest", "OwlDotNetApiTest\OwlDotNetApiTest.csproj", "{5FE5EA5A-4653-40EA-B59F-0467E3E331D7}"
	ProjectSection(ProjectDependencies) = postProject
	EndProjectSection
EndProject
Global
	GlobalSection(SolutionConfiguration) = preSolution
		Debug = Debug
		Release = Release
	EndGlobalSection
	GlobalSection(ProjectConfiguration) = postSolution
		{1C6FFAC7-7E9F-479B-B15C-BCE7AB3653AC}.Debug.ActiveCfg = Debug|.NET
		{1C6FFAC7-7E9F-479B-B15C-BCE7AB3653AC}.Release.ActiveCfg = Release|.NET
		{1C6FFAC7-7E9F-479B-B15C-BCE7AB3653AC}.Release.Build.0 = Release|.NET
		{5FE5EA5A-4653-40EA-B59F-0467E3E331D7}.Debug.ActiveCfg = Debug|.NET
		{5FE5EA5A-4653-40EA-B59F-0467E3E331D7}.Debug.Build.0 = Debug|.NET
		{5FE5EA5A-4653-40EA-B59F-0467E3E331D7}.Release.ActiveCfg = Release|.NET
		{5FE5EA5A-4653-40EA-B59F-0467E3E331D7}.Release.Build.0 = Release|.NET
	EndGlobalSection
	GlobalSection(ExtensibilityGlobals) = postSolution
	EndGlobalSection
	GlobalSection(ExtensibilityAddIns) = postSolution
	EndGlobalSection
EndGlobal
